
Microsoft Visual Studio Solution File, Format Version 12.00
# Visual Studio Version 17
VisualStudioVersion = 17.3.32901.215
MinimumVisualStudioVersion = 10.0.40219.1
Project("{FAE04EC0-301F-11D3-BF4B-00C04F79EFBC}") = "TestAutoDeployApp", "TestAutoDeployApp\TestAutoDeployApp.csproj", "{57912B6D-5B73-4A58-AED9-80D0D666B7DA}"
EndProject
Global
	GlobalSection(SolutionConfigurationPlatforms) = preSolution
		Debug|Any CPU = Debug|Any CPU
		Release|Any CPU = Release|Any CPU
	EndGlobalSection
	GlobalSection(ProjectConfigurationPlatforms) = postSolution
		{57912B6D-5B73-4A58-AED9-80D0D666B7DA}.Debug|Any CPU.ActiveCfg = Debug|Any CPU
		{57912B6D-5B73-4A58-AED9-80D0D666B7DA}.Debug|Any CPU.Build.0 = Debug|Any CPU
		{57912B6D-5B73-4A58-AED9-80D0D666B7DA}.Release|Any CPU.ActiveCfg = Release|Any CPU
		{57912B6D-5B73-4A58-AED9-80D0D666B7DA}.Release|Any CPU.Build.0 = Release|Any CPU
	EndGlobalSection
	GlobalSection(SolutionProperties) = preSolution
		HideSolutionNode = FALSE
	EndGlobalSection
	GlobalSection(ExtensibilityGlobals) = postSolution
		SolutionGuid = {2BD4A96F-FC1C-4275-A6A0-C50B0AAA3EB3}
	EndGlobalSection
EndGlobal
